// !$*UTF8*$!
{
	archiveVersion = 1;
	classes = {
	};
	objectVersion = 56;
	objects = {

/* Begin PBXBuildFile section */
		F913CB8F2A8621960080A44F /* AppDelegate.swift in Sources */ = {isa = PBXBuildFile; fileRef = F913CB8E2A8621960080A44F /* AppDelegate.swift */; };
		F913CB912A8621960080A44F /* ContentView.swift in Sources */ = {isa = PBXBuildFile; fileRef = F913CB902A8621960080A44F /* ContentView.swift */; };
		F913CB932A8621960080A44F /* Experience.rcproject in Sources */ = {isa = PBXBuildFile; fileRef = F913CB922A8621960080A44F /* Experience.rcproject */; };
		F913CB952A8621970080A44F /* Assets.xcassets in Resources */ = {isa = PBXBuildFile; fileRef = F913CB942A8621970080A44F /* Assets.xcassets */; };
		F913CB982A8621970080A44F /* Preview Assets.xcassets in Resources */ = {isa = PBXBuildFile; fileRef = F913CB972A8621970080A44F /* Preview Assets.xcassets */; };
		F913CBA22A8621970080A44F /* BeeHeroTests.swift in Sources */ = {isa = PBXBuildFile; fileRef = F913CBA12A8621970080A44F /* BeeHeroTests.swift */; };
		F913CBAC2A8621970080A44F /* BeeHeroUITests.swift in Sources */ = {isa = PBXBuildFile; fileRef = F913CBAB2A8621970080A44F /* BeeHeroUITests.swift */; };
		F913CBAE2A8621970080A44F /* BeeHeroUITestsLaunchTests.swift in Sources */ = {isa = PBXBuildFile; fileRef = F913CBAD2A8621970080A44F /* BeeHeroUITestsLaunchTests.swift */; };
/* End PBXBuildFile section */

/* Begin PBXContainerItemProxy section */
		F913CB9E2A8621970080A44F /* PBXContainerItemProxy */ = {
			isa = PBXContainerItemProxy;
			containerPortal = F913CB832A8621950080A44F /* Project object */;
			proxyType = 1;
			remoteGlobalIDString = F913CB8A2A8621960080A44F;
			remoteInfo = BeeHero;
		};
		F913CBA82A8621970080A44F /* PBXContainerItemProxy */ = {
			isa = PBXContainerItemProxy;
			containerPortal = F913CB832A8621950080A44F /* Project object */;
			proxyType = 1;
			remoteGlobalIDString = F913CB8A2A8621960080A44F;
			remoteInfo = BeeHero;
		};
/* End PBXContainerItemProxy section */

/* Begin PBXFileReference section */
		F913CB8B2A8621960080A44F /* BeeHero.app */ = {isa = PBXFileReference; explicitFileType = wrapper.application; includeInIndex = 0; path = BeeHero.app; sourceTree = BUILT_PRODUCTS_DIR; };
		F913CB8E2A8621960080A44F /* AppDelegate.swift */ = {isa = PBXFileReference; lastKnownFileType = sourcecode.swift; path = AppDelegate.swift; sourceTree = "<group>"; };
		F913CB902A8621960080A44F /* ContentView.swift */ = {isa = PBXFileReference; lastKnownFileType = sourcecode.swift; path = ContentView.swift; sourceTree = "<group>"; };
		F913CB922A8621960080A44F /* Experience.rcproject */ = {isa = PBXFileReference; lastKnownFileType = file.rcproject; path = Experience.rcproject; sourceTree = "<group>"; };
		F913CB942A8621970080A44F /* Assets.xcassets */ = {isa = PBXFileReference; lastKnownFileType = folder.assetcatalog; path = Assets.xcassets; sourceTree = "<group>"; };
		F913CB972A8621970080A44F /* Preview Assets.xcassets */ = {isa = PBXFileReference; lastKnownFileType = folder.assetcatalog; path = "Preview Assets.xcassets"; sourceTree = "<group>"; };
		F913CB9D2A8621970080A44F /* BeeHeroTests.xctest */ = {isa = PBXFileReference; explicitFileType = wrapper.cfbundle; includeInIndex = 0; path = BeeHeroTests.xctest; sourceTree = BUILT_PRODUCTS_DIR; };
		F913CBA12A8621970080A44F /* BeeHeroTests.swift */ = {isa = PBXFileReference; lastKnownFileType = sourcecode.swift; path = BeeHeroTests.swift; sourceTree = "<group>"; };
		F913CBA72A8621970080A44F /* BeeHeroUITests.xctest */ = {isa = PBXFileReference; explicitFileType = wrapper.cfbundle; includeInIndex = 0; path = BeeHeroUITests.xctest; sourceTree = BUILT_PRODUCTS_DIR; };
		F913CBAB2A8621970080A44F /* BeeHeroUITests.swift */ = {isa = PBXFileReference; lastKnownFileType = sourcecode.swift; path = BeeHeroUITests.swift; sourceTree = "<group>"; };
		F913CBAD2A8621970080A44F /* BeeHeroUITestsLaunchTests.swift */ = {isa = PBXFileReference; lastKnownFileType = sourcecode.swift; path = BeeHeroUITestsLaunchTests.swift; sourceTree = "<group>"; };
/* End PBXFileReference section */

/* Begin PBXFrameworksBuildPhase section */
		F913CB882A8621960080A44F /* Frameworks */ = {
			isa = PBXFrameworksBuildPhase;
			buildActionMask = 2147483647;
			files = (
			);
			runOnlyForDeploymentPostprocessing = 0;
		};
		F913CB9A2A8621970080A44F /* Frameworks */ = {
			isa = PBXFrameworksBuildPhase;
			buildActionMask = 2147483647;
			files = (
			);
			runOnlyForDeploymentPostprocessing = 0;
		};
		F913CBA42A8621970080A44F /* Frameworks */ = {
			isa = PBXFrameworksBuildPhase;
			buildActionMask = 2147483647;
			files = (
			);
			runOnlyForDeploymentPostprocessing = 0;
		};
/* End PBXFrameworksBuildPhase section */

/* Begin PBXGroup section */
		F913CB822A8621950080A44F = {
			isa = PBXGroup;
			children = (
				F913CB8D2A8621960080A44F /* BeeHero */,
				F913CBA02A8621970080A44F /* BeeHeroTests */,
				F913CBAA2A8621970080A44F /* BeeHeroUITests */,
				F913CB8C2A8621960080A44F /* Products */,
			);
			sourceTree = "<group>";
		};
		F913CB8C2A8621960080A44F /* Products */ = {
			isa = PBXGroup;
			children = (
				F913CB8B2A8621960080A44F /* BeeHero.app */,
				F913CB9D2A8621970080A44F /* BeeHeroTests.xctest */,
				F913CBA72A8621970080A44F /* BeeHeroUITests.xctest */,
			);
			name = Products;
			sourceTree = "<group>";
		};
		F913CB8D2A8621960080A44F /* BeeHero */ = {
			isa = PBXGroup;
			children = (
				F913CB8E2A8621960080A44F /* AppDelegate.swift */,
				F913CB902A8621960080A44F /* ContentView.swift */,
				F913CB922A8621960080A44F /* Experience.rcproject */,
				F913CB942A8621970080A44F /* Assets.xcassets */,
				F913CB962A8621970080A44F /* Preview Content */,
			);
			path = BeeHero;
			sourceTree = "<group>";
		};
		F913CB962A8621970080A44F /* Preview Content */ = {
			isa = PBXGroup;
			children = (
				F913CB972A8621970080A44F /* Preview Assets.xcassets */,
			);
			path = "Preview Content";
			sourceTree = "<group>";
		};
		F913CBA02A8621970080A44F /* BeeHeroTests */ = {
			isa = PBXGroup;
			children = (
				F913CBA12A8621970080A44F /* BeeHeroTests.swift */,
			);
			path = BeeHeroTests;
			sourceTree = "<group>";
		};
		F913CBAA2A8621970080A44F /* BeeHeroUITests */ = {
			isa = PBXGroup;
			children = (
				F913CBAB2A8621970080A44F /* BeeHeroUITests.swift */,
				F913CBAD2A8621970080A44F /* BeeHeroUITestsLaunchTests.swift */,
			);
			path = BeeHeroUITests;
			sourceTree = "<group>";
		};
/* End PBXGroup section */

/* Begin PBXNativeTarget section */
		F913CB8A2A8621960080A44F /* BeeHero */ = {
			isa = PBXNativeTarget;
			buildConfigurationList = F913CBB12A8621970080A44F /* Build configuration list for PBXNativeTarget "BeeHero" */;
			buildPhases = (
				F913CB872A8621960080A44F /* Sources */,
				F913CB882A8621960080A44F /* Frameworks */,
				F913CB892A8621960080A44F /* Resources */,
			);
			buildRules = (
			);
			dependencies = (
			);
			name = BeeHero;
			productName = BeeHero;
			productReference = F913CB8B2A8621960080A44F /* BeeHero.app */;
			productType = "com.apple.product-type.application";
		};
		F913CB9C2A8621970080A44F /* BeeHeroTests */ = {
			isa = PBXNativeTarget;
			buildConfigurationList = F913CBB42A8621970080A44F /* Build configuration list for PBXNativeTarget "BeeHeroTests" */;
			buildPhases = (
				F913CB992A8621970080A44F /* Sources */,
				F913CB9A2A8621970080A44F /* Frameworks */,
				F913CB9B2A8621970080A44F /* Resources */,
			);
			buildRules = (
			);
			dependencies = (
				F913CB9F2A8621970080A44F /* PBXTargetDependency */,
			);
			name = BeeHeroTests;
			productName = BeeHeroTests;
			productReference = F913CB9D2A8621970080A44F /* BeeHeroTests.xctest */;
			productType = "com.apple.product-type.bundle.unit-test";
		};
		F913CBA62A8621970080A44F /* BeeHeroUITests */ = {
			isa = PBXNativeTarget;
			buildConfigurationList = F913CBB72A8621970080A44F /* Build configuration list for PBXNativeTarget "BeeHeroUITests" */;
			buildPhases = (
				F913CBA32A8621970080A44F /* Sources */,
				F913CBA42A8621970080A44F /* Frameworks */,
				F913CBA52A8621970080A44F /* Resources */,
			);
			buildRules = (
			);
			dependencies = (
				F913CBA92A8621970080A44F /* PBXTargetDependency */,
			);
			name = BeeHeroUITests;
			productName = BeeHeroUITests;
			productReference = F913CBA72A8621970080A44F /* BeeHeroUITests.xctest */;
			productType = "com.apple.product-type.bundle.ui-testing";
		};
/* End PBXNativeTarget section */

/* Begin PBXProject section */
		F913CB832A8621950080A44F /* Project object */ = {
			isa = PBXProject;
			attributes = {
				BuildIndependentTargetsInParallel = 1;
				LastSwiftUpdateCheck = 1430;
				LastUpgradeCheck = 1430;
				TargetAttributes = {
					F913CB8A2A8621960080A44F = {
						CreatedOnToolsVersion = 14.3.1;
					};
					F913CB9C2A8621970080A44F = {
						CreatedOnToolsVersion = 14.3.1;
						TestTargetID = F913CB8A2A8621960080A44F;
					};
					F913CBA62A8621970080A44F = {
						CreatedOnToolsVersion = 14.3.1;
						TestTargetID = F913CB8A2A8621960080A44F;
					};
				};
			};
			buildConfigurationList = F913CB862A8621960080A44F /* Build configuration list for PBXProject "BeeHero" */;
			compatibilityVersion = "Xcode 14.0";
			developmentRegion = en;
			hasScannedForEncodings = 0;
			knownRegions = (
				en,
				Base,
			);
			mainGroup = F913CB822A8621950080A44F;
			productRefGroup = F913CB8C2A8621960080A44F /* Products */;
			projectDirPath = "";
			projectRoot = "";
			targets = (
				F913CB8A2A8621960080A44F /* BeeHero */,
				F913CB9C2A8621970080A44F /* BeeHeroTests */,
				F913CBA62A8621970080A44F /* BeeHeroUITests */,
			);
		};
/* End PBXProject section */

/* Begin PBXResourcesBuildPhase section */
		F913CB892A8621960080A44F /* Resources */ = {
			isa = PBXResourcesBuildPhase;
			buildActionMask = 2147483647;
			files = (
				F913CB982A8621970080A44F /* Preview Assets.xcassets in Resources */,
				F913CB952A8621970080A44F /* Assets.xcassets in Resources */,
			);
			runOnlyForDeploymentPostprocessing = 0;
		};
		F913CB9B2A8621970080A44F /* Resources */ = {
			isa = PBXResourcesBuildPhase;
			buildActionMask = 2147483647;
			files = (
			);
			runOnlyForDeploymentPostprocessing = 0;
		};
		F913CBA52A8621970080A44F /* Resources */ = {
			isa = PBXResourcesBuildPhase;
			buildActionMask = 2147483647;
			files = (
			);
			runOnlyForDeploymentPostprocessing = 0;
		};
/* End PBXResourcesBuildPhase section */

/* Begin PBXSourcesBuildPhase section */
		F913CB872A8621960080A44F /* Sources */ = {
			isa = PBXSourcesBuildPhase;
			buildActionMask = 2147483647;
			files = (
				F913CB912A8621960080A44F /* ContentView.swift in Sources */,
				F913CB8F2A8621960080A44F /* AppDelegate.swift in Sources */,
				F913CB932A8621960080A44F /* Experience.rcproject in Sources */,
			);
			runOnlyForDeploymentPostprocessing = 0;
		};
		F913CB992A8621970080A44F /* Sources */ = {
			isa = PBXSourcesBuildPhase;
			buildActionMask = 2147483647;
			files = (
				F913CBA22A8621970080A44F /* BeeHeroTests.swift in Sources */,
			);
			runOnlyForDeploymentPostprocessing = 0;
		};
		F913CBA32A8621970080A44F /* Sources */ = {
			isa = PBXSourcesBuildPhase;
			buildActionMask = 2147483647;
			files = (
				F913CBAC2A8621970080A44F /* BeeHeroUITests.swift in Sources */,
				F913CBAE2A8621970080A44F /* BeeHeroUITestsLaunchTests.swift in Sources */,
			);
			runOnlyForDeploymentPostprocessing = 0;
		};
/* End PBXSourcesBuildPhase section */

/* Begin PBXTargetDependency section */
		F913CB9F2A8621970080A44F /* PBXTargetDependency */ = {
			isa = PBXTargetDependency;
			target = F913CB8A2A8621960080A44F /* BeeHero */;
			targetProxy = F913CB9E2A8621970080A44F /* PBXContainerItemProxy */;
		};
		F913CBA92A8621970080A44F /* PBXTargetDependency */ = {
			isa = PBXTargetDependency;
			target = F913CB8A2A8621960080A44F /* BeeHero */;
			targetProxy = F913CBA82A8621970080A44F /* PBXContainerItemProxy */;
		};
/* End PBXTargetDependency section */

/* Begin XCBuildConfiguration section */
		F913CBAF2A8621970080A44F /* Debug */ = {
			isa = XCBuildConfiguration;
			buildSettings = {
				ALWAYS_SEARCH_USER_PATHS = NO;
				CLANG_ANALYZER_NONNULL = YES;
				CLANG_ANALYZER_NUMBER_OBJECT_CONVERSION = YES_AGGRESSIVE;
				CLANG_CXX_LANGUAGE_STANDARD = "gnu++20";
				CLANG_ENABLE_MODULES = YES;
				CLANG_ENABLE_OBJC_ARC = YES;
				CLANG_ENABLE_OBJC_WEAK = YES;
				CLANG_WARN_BLOCK_CAPTURE_AUTORELEASING = YES;
				CLANG_WARN_BOOL_CONVERSION = YES;
				CLANG_WARN_COMMA = YES;
				CLANG_WARN_CONSTANT_CONVERSION = YES;
				CLANG_WARN_DEPRECATED_OBJC_IMPLEMENTATIONS = YES;
				CLANG_WARN_DIRECT_OBJC_ISA_USAGE = YES_ERROR;
				CLANG_WARN_DOCUMENTATION_COMMENTS = YES;
				CLANG_WARN_EMPTY_BODY = YES;
				CLANG_WARN_ENUM_CONVERSION = YES;
				CLANG_WARN_INFINITE_RECURSION = YES;
				CLANG_WARN_INT_CONVERSION = YES;
				CLANG_WARN_NON_LITERAL_NULL_CONVERSION = YES;
				CLANG_WARN_OBJC_IMPLICIT_RETAIN_SELF = YES;
				CLANG_WARN_OBJC_LITERAL_CONVERSION = YES;
				CLANG_WARN_OBJC_ROOT_CLASS = YES_ERROR;
				CLANG_WARN_QUOTED_INCLUDE_IN_FRAMEWORK_HEADER = YES;
				CLANG_WARN_RANGE_LOOP_ANALYSIS = YES;
				CLANG_WARN_STRICT_PROTOTYPES = YES;
				CLANG_WARN_SUSPICIOUS_MOVE = YES;
				CLANG_WARN_UNGUARDED_AVAILABILITY = YES_AGGRESSIVE;
				CLANG_WARN_UNREACHABLE_CODE = YES;
				CLANG_WARN__DUPLICATE_METHOD_MATCH = YES;
				COPY_PHASE_STRIP = NO;
				DEBUG_INFORMATION_FORMAT = dwarf;
				ENABLE_STRICT_OBJC_MSGSEND = YES;
				ENABLE_TESTABILITY = YES;
				GCC_C_LANGUAGE_STANDARD = gnu11;
				GCC_DYNAMIC_NO_PIC = NO;
				GCC_NO_COMMON_BLOCKS = YES;
				GCC_OPTIMIZATION_LEVEL = 0;
				GCC_PREPROCESSOR_DEFINITIONS = (
					"DEBUG=1",
					"$(inherited)",
				);
				GCC_WARN_64_TO_32_BIT_CONVERSION = YES;
				GCC_WARN_ABOUT_RETURN_TYPE = YES_ERROR;
				GCC_WARN_UNDECLARED_SELECTOR = YES;
				GCC_WARN_UNINITIALIZED_AUTOS = YES_AGGRESSIVE;
				GCC_WARN_UNUSED_FUNCTION = YES;
				GCC_WARN_UNUSED_VARIABLE = YES;
				IPHONEOS_DEPLOYMENT_TARGET = 16.4;
				MTL_ENABLE_DEBUG_INFO = INCLUDE_SOURCE;
				MTL_FAST_MATH = YES;
				ONLY_ACTIVE_ARCH = YES;
				SDKROOT = iphoneos;
				SWIFT_ACTIVE_COMPILATION_CONDITIONS = DEBUG;
				SWIFT_OPTIMIZATION_LEVEL = "-Onone";
			};
			name = Debug;
		};
		F913CBB02A8621970080A44F /* Release */ = {
			isa = XCBuildConfiguration;
			buildSettings = {
				ALWAYS_SEARCH_USER_PATHS = NO;
				CLANG_ANALYZER_NONNULL = YES;
				CLANG_ANALYZER_NUMBER_OBJECT_CONVERSION = YES_AGGRESSIVE;
				CLANG_CXX_LANGUAGE_STANDARD = "gnu++20";
				CLANG_ENABLE_MODULES = YES;
				CLANG_ENABLE_OBJC_ARC = YES;
				CLANG_ENABLE_OBJC_WEAK = YES;
				CLANG_WARN_BLOCK_CAPTURE_AUTORELEASING = YES;
				CLANG_WARN_BOOL_CONVERSION = YES;
				CLANG_WARN_COMMA = YES;
				CLANG_WARN_CONSTANT_CONVERSION = YES;
				CLANG_WARN_DEPRECATED_OBJC_IMPLEMENTATIONS = YES;
				CLANG_WARN_DIRECT_OBJC_ISA_USAGE = YES_ERROR;
				CLANG_WARN_DOCUMENTATION_COMMENTS = YES;
				CLANG_WARN_EMPTY_BODY = YES;
				CLANG_WARN_ENUM_CONVERSION = YES;
				CLANG_WARN_INFINITE_RECURSION = YES;
				CLANG_WARN_INT_CONVERSION = YES;
				CLANG_WARN_NON_LITERAL_NULL_CONVERSION = YES;
				CLANG_WARN_OBJC_IMPLICIT_RETAIN_SELF = YES;
				CLANG_WARN_OBJC_LITERAL_CONVERSION = YES;
				CLANG_WARN_OBJC_ROOT_CLASS = YES_ERROR;
				CLANG_WARN_QUOTED_INCLUDE_IN_FRAMEWORK_HEADER = YES;
				CLANG_WARN_RANGE_LOOP_ANALYSIS = YES;
				CLANG_WARN_STRICT_PROTOTYPES = YES;
				CLANG_WARN_SUSPICIOUS_MOVE = YES;
				CLANG_WARN_UNGUARDED_AVAILABILITY = YES_AGGRESSIVE;
				CLANG_WARN_UNREACHABLE_CODE = YES;
				CLANG_WARN__DUPLICATE_METHOD_MATCH = YES;
				COPY_PHASE_STRIP = NO;
				DEBUG_INFORMATION_FORMAT = "dwarf-with-dsym";
				ENABLE_NS_ASSERTIONS = NO;
				ENABLE_STRICT_OBJC_MSGSEND = YES;
				GCC_C_LANGUAGE_STANDARD = gnu11;
				GCC_NO_COMMON_BLOCKS = YES;
				GCC_WARN_64_TO_32_BIT_CONVERSION = YES;
				GCC_WARN_ABOUT_RETURN_TYPE = YES_ERROR;
				GCC_WARN_UNDECLARED_SELECTOR = YES;
				GCC_WARN_UNINITIALIZED_AUTOS = YES_AGGRESSIVE;
				GCC_WARN_UNUSED_FUNCTION = YES;
				GCC_WARN_UNUSED_VARIABLE = YES;
				IPHONEOS_DEPLOYMENT_TARGET = 16.4;
				MTL_ENABLE_DEBUG_INFO = NO;
				MTL_FAST_MATH = YES;
				SDKROOT = iphoneos;
				SWIFT_COMPILATION_MODE = wholemodule;
				SWIFT_OPTIMIZATION_LEVEL = "-O";
				VALIDATE_PRODUCT = YES;
			};
			name = Release;
		};
		F913CBB22A8621970080A44F /* Debug */ = {
			isa = XCBuildConfiguration;
			buildSettings = {
				ASSETCATALOG_COMPILER_APPICON_NAME = AppIcon;
				ASSETCATALOG_COMPILER_GLOBAL_ACCENT_COLOR_NAME = AccentColor;
				CODE_SIGN_STYLE = Automatic;
				CURRENT_PROJECT_VERSION = 1;
				DEVELOPMENT_ASSET_PATHS = "\"BeeHero/Preview Content\"";
				DEVELOPMENT_TEAM = 5Y6C53RJLR;
				ENABLE_PREVIEWS = YES;
				GENERATE_INFOPLIST_FILE = YES;
				INFOPLIST_KEY_NSCameraUsageDescription = "";
				INFOPLIST_KEY_UIApplicationSupportsIndirectInputEvents = YES;
				INFOPLIST_KEY_UILaunchScreen_Generation = YES;
				INFOPLIST_KEY_UIRequiredDeviceCapabilities = arkit;
				INFOPLIST_KEY_UIStatusBarHidden = YES;
				INFOPLIST_KEY_UISupportedInterfaceOrientations_iPad = "UIInterfaceOrientationPortrait UIInterfaceOrientationPortraitUpsideDown UIInterfaceOrientationLandscapeLeft UIInterfaceOrientationLandscapeRight";
				INFOPLIST_KEY_UISupportedInterfaceOrientations_iPhone = "UIInterfaceOrientationPortrait UIInterfaceOrientationLandscapeLeft UIInterfaceOrientationLandscapeRight";
				LD_RUNPATH_SEARCH_PATHS = (
					"$(inherited)",
					"@executable_path/Frameworks",
				);
				MARKETING_VERSION = 1.0;
				PRODUCT_BUNDLE_IDENTIFIER = superbee.BeeHero;
				PRODUCT_NAME = "$(TARGET_NAME)";
				SWIFT_EMIT_LOC_STRINGS = YES;
				SWIFT_VERSION = 5.0;
				TARGETED_DEVICE_FAMILY = "1,2";
			};
			name = Debug;
		};
		F913CBB32A8621970080A44F /* Release */ = {
			isa = XCBuildConfiguration;
			buildSettings = {
				ASSETCATALOG_COMPILER_APPICON_NAME = AppIcon;
				ASSETCATALOG_COMPILER_GLOBAL_ACCENT_COLOR_NAME = AccentColor;
				CODE_SIGN_STYLE = Automatic;
				CURRENT_PROJECT_VERSION = 1;
				DEVELOPMENT_ASSET_PATHS = "\"BeeHero/Preview Content\"";
				DEVELOPMENT_TEAM = 5Y6C53RJLR;
				ENABLE_PREVIEWS = YES;
				GENERATE_INFOPLIST_FILE = YES;
				INFOPLIST_KEY_NSCameraUsageDescription = "";
				INFOPLIST_KEY_UIApplicationSupportsIndirectInputEvents = YES;
				INFOPLIST_KEY_UILaunchScreen_Generation = YES;
				INFOPLIST_KEY_UIRequiredDeviceCapabilities = arkit;
				INFOPLIST_KEY_UIStatusBarHidden = YES;
				INFOPLIST_KEY_UISupportedInterfaceOrientations_iPad = "UIInterfaceOrientationPortrait UIInterfaceOrientationPortraitUpsideDown UIInterfaceOrientationLandscapeLeft UIInterfaceOrientationLandscapeRight";
				INFOPLIST_KEY_UISupportedInterfaceOrientations_iPhone = "UIInterfaceOrientationPortrait UIInterfaceOrientationLandscapeLeft UIInterfaceOrientationLandscapeRight";
				LD_RUNPATH_SEARCH_PATHS = (
					"$(inherited)",
					"@executable_path/Frameworks",
				);
				MARKETING_VERSION = 1.0;
				PRODUCT_BUNDLE_IDENTIFIER = superbee.BeeHero;
				PRODUCT_NAME = "$(TARGET_NAME)";
				SWIFT_EMIT_LOC_STRINGS = YES;
				SWIFT_VERSION = 5.0;
				TARGETED_DEVICE_FAMILY = "1,2";
			};
			name = Release;
		};
		F913CBB52A8621970080A44F /* Debug */ = {
			isa = XCBuildConfiguration;
			buildSettings = {
				ALWAYS_EMBED_SWIFT_STANDARD_LIBRARIES = YES;
				BUNDLE_LOADER = "$(TEST_HOST)";
				CODE_SIGN_STYLE = Automatic;
				CURRENT_PROJECT_VERSION = 1;
				DEVELOPMENT_TEAM = 5Y6C53RJLR;
				GENERATE_INFOPLIST_FILE = YES;
				IPHONEOS_DEPLOYMENT_TARGET = 16.4;
				MARKETING_VERSION = 1.0;
				PRODUCT_BUNDLE_IDENTIFIER = superbee.BeeHeroTests;
				PRODUCT_NAME = "$(TARGET_NAME)";
				SWIFT_EMIT_LOC_STRINGS = NO;
				SWIFT_VERSION = 5.0;
				TARGETED_DEVICE_FAMILY = "1,2";
				TEST_HOST = "$(BUILT_PRODUCTS_DIR)/BeeHero.app/$(BUNDLE_EXECUTABLE_FOLDER_PATH)/BeeHero";
			};
			name = Debug;
		};
		F913CBB62A8621970080A44F /* Release */ = {
			isa = XCBuildConfiguration;
			buildSettings = {
				ALWAYS_EMBED_SWIFT_STANDARD_LIBRARIES = YES;
				BUNDLE_LOADER = "$(TEST_HOST)";
				CODE_SIGN_STYLE = Automatic;
				CURRENT_PROJECT_VERSION = 1;
				DEVELOPMENT_TEAM = 5Y6C53RJLR;
				GENERATE_INFOPLIST_FILE = YES;
				IPHONEOS_DEPLOYMENT_TARGET = 16.4;
				MARKETING_VERSION = 1.0;
				PRODUCT_BUNDLE_IDENTIFIER = superbee.BeeHeroTests;
				PRODUCT_NAME = "$(TARGET_NAME)";
				SWIFT_EMIT_LOC_STRINGS = NO;
				SWIFT_VERSION = 5.0;
				TARGETED_DEVICE_FAMILY = "1,2";
				TEST_HOST = "$(BUILT_PRODUCTS_DIR)/BeeHero.app/$(BUNDLE_EXECUTABLE_FOLDER_PATH)/BeeHero";
			};
			name = Release;
		};
		F913CBB82A8621970080A44F /* Debug */ = {
			isa = XCBuildConfiguration;
			buildSettings = {
				ALWAYS_EMBED_SWIFT_STANDARD_LIBRARIES = YES;
				CODE_SIGN_STYLE = Automatic;
				CURRENT_PROJECT_VERSION = 1;
				DEVELOPMENT_TEAM = 5Y6C53RJLR;
				GENERATE_INFOPLIST_FILE = YES;
				MARKETING_VERSION = 1.0;
				PRODUCT_BUNDLE_IDENTIFIER = superbee.BeeHeroUITests;
				PRODUCT_NAME = "$(TARGET_NAME)";
				SWIFT_EMIT_LOC_STRINGS = NO;
				SWIFT_VERSION = 5.0;
				TARGETED_DEVICE_FAMILY = "1,2";
				TEST_TARGET_NAME = BeeHero;
			};
			name = Debug;
		};
		F913CBB92A8621970080A44F /* Release */ = {
			isa = XCBuildConfiguration;
			buildSettings = {
				ALWAYS_EMBED_SWIFT_STANDARD_LIBRARIES = YES;
				CODE_SIGN_STYLE = Automatic;
				CURRENT_PROJECT_VERSION = 1;
				DEVELOPMENT_TEAM = 5Y6C53RJLR;
				GENERATE_INFOPLIST_FILE = YES;
				MARKETING_VERSION = 1.0;
				PRODUCT_BUNDLE_IDENTIFIER = superbee.BeeHeroUITests;
				PRODUCT_NAME = "$(TARGET_NAME)";
				SWIFT_EMIT_LOC_STRINGS = NO;
				SWIFT_VERSION = 5.0;
				TARGETED_DEVICE_FAMILY = "1,2";
				TEST_TARGET_NAME = BeeHero;
			};
			name = Release;
		};
/* End XCBuildConfiguration section */

/* Begin XCConfigurationList section */
		F913CB862A8621960080A44F /* Build configuration list for PBXProject "BeeHero" */ = {
			isa = XCConfigurationList;
			buildConfigurations = (
				F913CBAF2A8621970080A44F /* Debug */,
				F913CBB02A8621970080A44F /* Release */,
			);
			defaultConfigurationIsVisible = 0;
			defaultConfigurationName = Release;
		};
		F913CBB12A8621970080A44F /* Build configuration list for PBXNativeTarget "BeeHero" */ = {
			isa = XCConfigurationList;
			buildConfigurations = (
				F913CBB22A8621970080A44F /* Debug */,
				F913CBB32A8621970080A44F /* Release */,
			);
			defaultConfigurationIsVisible = 0;
			defaultConfigurationName = Release;
		};
		F913CBB42A8621970080A44F /* Build configuration list for PBXNativeTarget "BeeHeroTests" */ = {
			isa = XCConfigurationList;
			buildConfigurations = (
				F913CBB52A8621970080A44F /* Debug */,
				F913CBB62A8621970080A44F /* Release */,
			);
			defaultConfigurationIsVisible = 0;
			defaultConfigurationName = Release;
		};
		F913CBB72A8621970080A44F /* Build configuration list for PBXNativeTarget "BeeHeroUITests" */ = {
			isa = XCConfigurationList;
			buildConfigurations = (
				F913CBB82A8621970080A44F /* Debug */,
				F913CBB92A8621970080A44F /* Release */,
			);
			defaultConfigurationIsVisible = 0;
			defaultConfigurationName = Release;
		};
/* End XCConfigurationList section */
	};
	rootObject = F913CB832A8621950080A44F /* Project object */;
}
