// !$*UTF8*$!
{
	archiveVersion = 1;
	classes = {
	};
	objectVersion = 56;
	objects = {

/* Begin PBXBuildFile section */
		EE2585902A7FCB870049CCD6 /* AppDelegate.swift in Sources */ = {isa = PBXBuildFile; fileRef = EE25858F2A7FCB870049CCD6 /* AppDelegate.swift */; };
		EE2585922A7FCB870049CCD6 /* ContentView.swift in Sources */ = {isa = PBXBuildFile; fileRef = EE2585912A7FCB870049CCD6 /* ContentView.swift */; };
		EE2585942A7FCB870049CCD6 /* Experience.rcproject in Sources */ = {isa = PBXBuildFile; fileRef = EE2585932A7FCB870049CCD6 /* Experience.rcproject */; };
		EE2585962A7FCB880049CCD6 /* Assets.xcassets in Resources */ = {isa = PBXBuildFile; fileRef = EE2585952A7FCB880049CCD6 /* Assets.xcassets */; };
		EE2585992A7FCB880049CCD6 /* Preview Assets.xcassets in Resources */ = {isa = PBXBuildFile; fileRef = EE2585982A7FCB880049CCD6 /* Preview Assets.xcassets */; };
		EE2585A32A7FCB880049CCD6 /* BeeHeroTests.swift in Sources */ = {isa = PBXBuildFile; fileRef = EE2585A22A7FCB880049CCD6 /* BeeHeroTests.swift */; };
		EE2585AD2A7FCB880049CCD6 /* BeeHeroUITests.swift in Sources */ = {isa = PBXBuildFile; fileRef = EE2585AC2A7FCB880049CCD6 /* BeeHeroUITests.swift */; };
		EE2585AF2A7FCB880049CCD6 /* BeeHeroUITestsLaunchTests.swift in Sources */ = {isa = PBXBuildFile; fileRef = EE2585AE2A7FCB880049CCD6 /* BeeHeroUITestsLaunchTests.swift */; };
		EE2585BC2A7FCBA50049CCD6 /* MainView.swift in Sources */ = {isa = PBXBuildFile; fileRef = EE2585BB2A7FCBA50049CCD6 /* MainView.swift */; };
		EE3D1C0E2A81267600AD3173 /* MainView.swift in Sources */ = {isa = PBXBuildFile; fileRef = EE2585BB2A7FCBA50049CCD6 /* MainView.swift */; };
		EE3D1C0F2A81267900AD3173 /* MainView.swift in Sources */ = {isa = PBXBuildFile; fileRef = EE2585BB2A7FCBA50049CCD6 /* MainView.swift */; };
		EE3D1C112A82082800AD3173 /* HiveView.swift in Sources */ = {isa = PBXBuildFile; fileRef = EE3D1C102A82082800AD3173 /* HiveView.swift */; };
		EE3D1C122A82088E00AD3173 /* HiveView.swift in Sources */ = {isa = PBXBuildFile; fileRef = EE3D1C102A82082800AD3173 /* HiveView.swift */; };
		EE3D1C132A82088F00AD3173 /* HiveView.swift in Sources */ = {isa = PBXBuildFile; fileRef = EE3D1C102A82082800AD3173 /* HiveView.swift */; };
		EE79CAF22A821297008E04A5 /* Assets.xcassets in Resources */ = {isa = PBXBuildFile; fileRef = EE2585952A7FCB880049CCD6 /* Assets.xcassets */; };
		EE79CAF32A821297008E04A5 /* Assets.xcassets in Resources */ = {isa = PBXBuildFile; fileRef = EE2585952A7FCB880049CCD6 /* Assets.xcassets */; };
		EE79CAF52A83BE86008E04A5 /* ControlView.swift in Sources */ = {isa = PBXBuildFile; fileRef = EE79CAF42A83BE86008E04A5 /* ControlView.swift */; };
		EE79CAF62A83C6BC008E04A5 /* ControlView.swift in Sources */ = {isa = PBXBuildFile; fileRef = EE79CAF42A83BE86008E04A5 /* ControlView.swift */; };
		EE79CAF72A83C6BD008E04A5 /* ControlView.swift in Sources */ = {isa = PBXBuildFile; fileRef = EE79CAF42A83BE86008E04A5 /* ControlView.swift */; };
		EE79CAF92A83C93C008E04A5 /* TestView.swift in Sources */ = {isa = PBXBuildFile; fileRef = EE79CAF82A83C93C008E04A5 /* TestView.swift */; };
		EE79CAFA2A83E106008E04A5 /* TestView.swift in Sources */ = {isa = PBXBuildFile; fileRef = EE79CAF82A83C93C008E04A5 /* TestView.swift */; };
		EE79CAFB2A83E107008E04A5 /* TestView.swift in Sources */ = {isa = PBXBuildFile; fileRef = EE79CAF82A83C93C008E04A5 /* TestView.swift */; };
/* End PBXBuildFile section */

/* Begin PBXContainerItemProxy section */
		EE25859F2A7FCB880049CCD6 /* PBXContainerItemProxy */ = {
			isa = PBXContainerItemProxy;
			containerPortal = EE2585842A7FCB870049CCD6 /* Project object */;
			proxyType = 1;
			remoteGlobalIDString = EE25858B2A7FCB870049CCD6;
			remoteInfo = BeeHero;
		};
		EE2585A92A7FCB880049CCD6 /* PBXContainerItemProxy */ = {
			isa = PBXContainerItemProxy;
			containerPortal = EE2585842A7FCB870049CCD6 /* Project object */;
			proxyType = 1;
			remoteGlobalIDString = EE25858B2A7FCB870049CCD6;
			remoteInfo = BeeHero;
		};
/* End PBXContainerItemProxy section */

/* Begin PBXFileReference section */
		EE25858C2A7FCB870049CCD6 /* BeeHero.app */ = {isa = PBXFileReference; explicitFileType = wrapper.application; includeInIndex = 0; path = BeeHero.app; sourceTree = BUILT_PRODUCTS_DIR; };
		EE25858F2A7FCB870049CCD6 /* AppDelegate.swift */ = {isa = PBXFileReference; lastKnownFileType = sourcecode.swift; path = AppDelegate.swift; sourceTree = "<group>"; };
		EE2585912A7FCB870049CCD6 /* ContentView.swift */ = {isa = PBXFileReference; lastKnownFileType = sourcecode.swift; path = ContentView.swift; sourceTree = "<group>"; };
		EE2585932A7FCB870049CCD6 /* Experience.rcproject */ = {isa = PBXFileReference; lastKnownFileType = file.rcproject; path = Experience.rcproject; sourceTree = "<group>"; };
		EE2585952A7FCB880049CCD6 /* Assets.xcassets */ = {isa = PBXFileReference; lastKnownFileType = folder.assetcatalog; path = Assets.xcassets; sourceTree = "<group>"; };
		EE2585982A7FCB880049CCD6 /* Preview Assets.xcassets */ = {isa = PBXFileReference; lastKnownFileType = folder.assetcatalog; path = "Preview Assets.xcassets"; sourceTree = "<group>"; };
		EE25859E2A7FCB880049CCD6 /* BeeHeroTests.xctest */ = {isa = PBXFileReference; explicitFileType = wrapper.cfbundle; includeInIndex = 0; path = BeeHeroTests.xctest; sourceTree = BUILT_PRODUCTS_DIR; };
		EE2585A22A7FCB880049CCD6 /* BeeHeroTests.swift */ = {isa = PBXFileReference; lastKnownFileType = sourcecode.swift; path = BeeHeroTests.swift; sourceTree = "<group>"; };
		EE2585A82A7FCB880049CCD6 /* BeeHeroUITests.xctest */ = {isa = PBXFileReference; explicitFileType = wrapper.cfbundle; includeInIndex = 0; path = BeeHeroUITests.xctest; sourceTree = BUILT_PRODUCTS_DIR; };
		EE2585AC2A7FCB880049CCD6 /* BeeHeroUITests.swift */ = {isa = PBXFileReference; lastKnownFileType = sourcecode.swift; path = BeeHeroUITests.swift; sourceTree = "<group>"; };
		EE2585AE2A7FCB880049CCD6 /* BeeHeroUITestsLaunchTests.swift */ = {isa = PBXFileReference; lastKnownFileType = sourcecode.swift; path = BeeHeroUITestsLaunchTests.swift; sourceTree = "<group>"; };
		EE2585BB2A7FCBA50049CCD6 /* MainView.swift */ = {isa = PBXFileReference; lastKnownFileType = sourcecode.swift; path = MainView.swift; sourceTree = "<group>"; };
		EE3D1C102A82082800AD3173 /* HiveView.swift */ = {isa = PBXFileReference; lastKnownFileType = sourcecode.swift; path = HiveView.swift; sourceTree = "<group>"; };
		EE79CAF42A83BE86008E04A5 /* ControlView.swift */ = {isa = PBXFileReference; lastKnownFileType = sourcecode.swift; path = ControlView.swift; sourceTree = "<group>"; };
		EE79CAF82A83C93C008E04A5 /* TestView.swift */ = {isa = PBXFileReference; lastKnownFileType = sourcecode.swift; path = TestView.swift; sourceTree = "<group>"; };
/* End PBXFileReference section */

/* Begin PBXFrameworksBuildPhase section */
		EE2585892A7FCB870049CCD6 /* Frameworks */ = {
			isa = PBXFrameworksBuildPhase;
			buildActionMask = 2147483647;
			files = (
			);
			runOnlyForDeploymentPostprocessing = 0;
		};
		EE25859B2A7FCB880049CCD6 /* Frameworks */ = {
			isa = PBXFrameworksBuildPhase;
			buildActionMask = 2147483647;
			files = (
			);
			runOnlyForDeploymentPostprocessing = 0;
		};
		EE2585A52A7FCB880049CCD6 /* Frameworks */ = {
			isa = PBXFrameworksBuildPhase;
			buildActionMask = 2147483647;
			files = (
			);
			runOnlyForDeploymentPostprocessing = 0;
		};
/* End PBXFrameworksBuildPhase section */

/* Begin PBXGroup section */
		EE2585832A7FCB870049CCD6 = {
			isa = PBXGroup;
			children = (
				EE25858E2A7FCB870049CCD6 /* BeeHero */,
				EE2585A12A7FCB880049CCD6 /* BeeHeroTests */,
				EE2585AB2A7FCB880049CCD6 /* BeeHeroUITests */,
				EE25858D2A7FCB870049CCD6 /* Products */,
			);
			sourceTree = "<group>";
		};
		EE25858D2A7FCB870049CCD6 /* Products */ = {
			isa = PBXGroup;
			children = (
				EE25858C2A7FCB870049CCD6 /* BeeHero.app */,
				EE25859E2A7FCB880049CCD6 /* BeeHeroTests.xctest */,
				EE2585A82A7FCB880049CCD6 /* BeeHeroUITests.xctest */,
			);
			name = Products;
			sourceTree = "<group>";
		};
		EE25858E2A7FCB870049CCD6 /* BeeHero */ = {
			isa = PBXGroup;
			children = (
				EE25858F2A7FCB870049CCD6 /* AppDelegate.swift */,
				EE2585912A7FCB870049CCD6 /* ContentView.swift */,
				EE2585BB2A7FCBA50049CCD6 /* MainView.swift */,
				EE79CAF42A83BE86008E04A5 /* ControlView.swift */,
				EE3D1C102A82082800AD3173 /* HiveView.swift */,
				EE79CAF82A83C93C008E04A5 /* TestView.swift */,
				EE2585932A7FCB870049CCD6 /* Experience.rcproject */,
				EE2585952A7FCB880049CCD6 /* Assets.xcassets */,
				EE2585972A7FCB880049CCD6 /* Preview Content */,
			);
			path = BeeHero;
			sourceTree = "<group>";
		};
		EE2585972A7FCB880049CCD6 /* Preview Content */ = {
			isa = PBXGroup;
			children = (
				EE2585982A7FCB880049CCD6 /* Preview Assets.xcassets */,
			);
			path = "Preview Content";
			sourceTree = "<group>";
		};
		EE2585A12A7FCB880049CCD6 /* BeeHeroTests */ = {
			isa = PBXGroup;
			children = (
				EE2585A22A7FCB880049CCD6 /* BeeHeroTests.swift */,
			);
			path = BeeHeroTests;
			sourceTree = "<group>";
		};
		EE2585AB2A7FCB880049CCD6 /* BeeHeroUITests */ = {
			isa = PBXGroup;
			children = (
				EE2585AC2A7FCB880049CCD6 /* BeeHeroUITests.swift */,
				EE2585AE2A7FCB880049CCD6 /* BeeHeroUITestsLaunchTests.swift */,
			);
			path = BeeHeroUITests;
			sourceTree = "<group>";
		};
/* End PBXGroup section */

/* Begin PBXNativeTarget section */
		EE25858B2A7FCB870049CCD6 /* BeeHero */ = {
			isa = PBXNativeTarget;
			buildConfigurationList = EE2585B22A7FCB880049CCD6 /* Build configuration list for PBXNativeTarget "BeeHero" */;
			buildPhases = (
				EE2585882A7FCB870049CCD6 /* Sources */,
				EE2585892A7FCB870049CCD6 /* Frameworks */,
				EE25858A2A7FCB870049CCD6 /* Resources */,
			);
			buildRules = (
			);
			dependencies = (
			);
			name = BeeHero;
			productName = BeeHero;
			productReference = EE25858C2A7FCB870049CCD6 /* BeeHero.app */;
			productType = "com.apple.product-type.application";
		};
		EE25859D2A7FCB880049CCD6 /* BeeHeroTests */ = {
			isa = PBXNativeTarget;
			buildConfigurationList = EE2585B52A7FCB880049CCD6 /* Build configuration list for PBXNativeTarget "BeeHeroTests" */;
			buildPhases = (
				EE25859A2A7FCB880049CCD6 /* Sources */,
				EE25859B2A7FCB880049CCD6 /* Frameworks */,
				EE25859C2A7FCB880049CCD6 /* Resources */,
			);
			buildRules = (
			);
			dependencies = (
				EE2585A02A7FCB880049CCD6 /* PBXTargetDependency */,
			);
			name = BeeHeroTests;
			productName = BeeHeroTests;
			productReference = EE25859E2A7FCB880049CCD6 /* BeeHeroTests.xctest */;
			productType = "com.apple.product-type.bundle.unit-test";
		};
		EE2585A72A7FCB880049CCD6 /* BeeHeroUITests */ = {
			isa = PBXNativeTarget;
			buildConfigurationList = EE2585B82A7FCB880049CCD6 /* Build configuration list for PBXNativeTarget "BeeHeroUITests" */;
			buildPhases = (
				EE2585A42A7FCB880049CCD6 /* Sources */,
				EE2585A52A7FCB880049CCD6 /* Frameworks */,
				EE2585A62A7FCB880049CCD6 /* Resources */,
			);
			buildRules = (
			);
			dependencies = (
				EE2585AA2A7FCB880049CCD6 /* PBXTargetDependency */,
			);
			name = BeeHeroUITests;
			productName = BeeHeroUITests;
			productReference = EE2585A82A7FCB880049CCD6 /* BeeHeroUITests.xctest */;
			productType = "com.apple.product-type.bundle.ui-testing";
		};
/* End PBXNativeTarget section */

/* Begin PBXProject section */
		EE2585842A7FCB870049CCD6 /* Project object */ = {
			isa = PBXProject;
			attributes = {
				BuildIndependentTargetsInParallel = 1;
				LastSwiftUpdateCheck = 1430;
				LastUpgradeCheck = 1430;
				TargetAttributes = {
					EE25858B2A7FCB870049CCD6 = {
						CreatedOnToolsVersion = 14.3.1;
					};
					EE25859D2A7FCB880049CCD6 = {
						CreatedOnToolsVersion = 14.3.1;
						TestTargetID = EE25858B2A7FCB870049CCD6;
					};
					EE2585A72A7FCB880049CCD6 = {
						CreatedOnToolsVersion = 14.3.1;
						TestTargetID = EE25858B2A7FCB870049CCD6;
					};
				};
			};
			buildConfigurationList = EE2585872A7FCB870049CCD6 /* Build configuration list for PBXProject "BeeHero" */;
			compatibilityVersion = "Xcode 14.0";
			developmentRegion = en;
			hasScannedForEncodings = 0;
			knownRegions = (
				en,
				Base,
			);
			mainGroup = EE2585832A7FCB870049CCD6;
			productRefGroup = EE25858D2A7FCB870049CCD6 /* Products */;
			projectDirPath = "";
			projectRoot = "";
			targets = (
				EE25858B2A7FCB870049CCD6 /* BeeHero */,
				EE25859D2A7FCB880049CCD6 /* BeeHeroTests */,
				EE2585A72A7FCB880049CCD6 /* BeeHeroUITests */,
			);
		};
/* End PBXProject section */

/* Begin PBXResourcesBuildPhase section */
		EE25858A2A7FCB870049CCD6 /* Resources */ = {
			isa = PBXResourcesBuildPhase;
			buildActionMask = 2147483647;
			files = (
				EE2585992A7FCB880049CCD6 /* Preview Assets.xcassets in Resources */,
				EE2585962A7FCB880049CCD6 /* Assets.xcassets in Resources */,
			);
			runOnlyForDeploymentPostprocessing = 0;
		};
		EE25859C2A7FCB880049CCD6 /* Resources */ = {
			isa = PBXResourcesBuildPhase;
			buildActionMask = 2147483647;
			files = (
				EE79CAF22A821297008E04A5 /* Assets.xcassets in Resources */,
			);
			runOnlyForDeploymentPostprocessing = 0;
		};
		EE2585A62A7FCB880049CCD6 /* Resources */ = {
			isa = PBXResourcesBuildPhase;
			buildActionMask = 2147483647;
			files = (
				EE79CAF32A821297008E04A5 /* Assets.xcassets in Resources */,
			);
			runOnlyForDeploymentPostprocessing = 0;
		};
/* End PBXResourcesBuildPhase section */

/* Begin PBXSourcesBuildPhase section */
		EE2585882A7FCB870049CCD6 /* Sources */ = {
			isa = PBXSourcesBuildPhase;
			buildActionMask = 2147483647;
			files = (
				EE79CAF92A83C93C008E04A5 /* TestView.swift in Sources */,
				EE2585922A7FCB870049CCD6 /* ContentView.swift in Sources */,
				EE2585902A7FCB870049CCD6 /* AppDelegate.swift in Sources */,
				EE79CAF52A83BE86008E04A5 /* ControlView.swift in Sources */,
				EE3D1C112A82082800AD3173 /* HiveView.swift in Sources */,
				EE2585BC2A7FCBA50049CCD6 /* MainView.swift in Sources */,
				EE2585942A7FCB870049CCD6 /* Experience.rcproject in Sources */,
			);
			runOnlyForDeploymentPostprocessing = 0;
		};
		EE25859A2A7FCB880049CCD6 /* Sources */ = {
			isa = PBXSourcesBuildPhase;
			buildActionMask = 2147483647;
			files = (
				EE79CAF62A83C6BC008E04A5 /* ControlView.swift in Sources */,
				EE79CAFA2A83E106008E04A5 /* TestView.swift in Sources */,
				EE2585A32A7FCB880049CCD6 /* BeeHeroTests.swift in Sources */,
				EE3D1C122A82088E00AD3173 /* HiveView.swift in Sources */,
				EE3D1C0E2A81267600AD3173 /* MainView.swift in Sources */,
			);
			runOnlyForDeploymentPostprocessing = 0;
		};
		EE2585A42A7FCB880049CCD6 /* Sources */ = {
			isa = PBXSourcesBuildPhase;
			buildActionMask = 2147483647;
			files = (
				EE79CAFB2A83E107008E04A5 /* TestView.swift in Sources */,
				EE3D1C132A82088F00AD3173 /* HiveView.swift in Sources */,
				EE2585AD2A7FCB880049CCD6 /* BeeHeroUITests.swift in Sources */,
				EE3D1C0F2A81267900AD3173 /* MainView.swift in Sources */,
				EE2585AF2A7FCB880049CCD6 /* BeeHeroUITestsLaunchTests.swift in Sources */,
				EE79CAF72A83C6BD008E04A5 /* ControlView.swift in Sources */,
			);
			runOnlyForDeploymentPostprocessing = 0;
		};
/* End PBXSourcesBuildPhase section */

/* Begin PBXTargetDependency section */
		EE2585A02A7FCB880049CCD6 /* PBXTargetDependency */ = {
			isa = PBXTargetDependency;
			target = EE25858B2A7FCB870049CCD6 /* BeeHero */;
			targetProxy = EE25859F2A7FCB880049CCD6 /* PBXContainerItemProxy */;
		};
		EE2585AA2A7FCB880049CCD6 /* PBXTargetDependency */ = {
			isa = PBXTargetDependency;
			target = EE25858B2A7FCB870049CCD6 /* BeeHero */;
			targetProxy = EE2585A92A7FCB880049CCD6 /* PBXContainerItemProxy */;
		};
/* End PBXTargetDependency section */

/* Begin XCBuildConfiguration section */
		EE2585B02A7FCB880049CCD6 /* Debug */ = {
			isa = XCBuildConfiguration;
			buildSettings = {
				ALWAYS_SEARCH_USER_PATHS = NO;
				CLANG_ANALYZER_NONNULL = YES;
				CLANG_ANALYZER_NUMBER_OBJECT_CONVERSION = YES_AGGRESSIVE;
				CLANG_CXX_LANGUAGE_STANDARD = "gnu++20";
				CLANG_ENABLE_MODULES = YES;
				CLANG_ENABLE_OBJC_ARC = YES;
				CLANG_ENABLE_OBJC_WEAK = YES;
				CLANG_WARN_BLOCK_CAPTURE_AUTORELEASING = YES;
				CLANG_WARN_BOOL_CONVERSION = YES;
				CLANG_WARN_COMMA = YES;
				CLANG_WARN_CONSTANT_CONVERSION = YES;
				CLANG_WARN_DEPRECATED_OBJC_IMPLEMENTATIONS = YES;
				CLANG_WARN_DIRECT_OBJC_ISA_USAGE = YES_ERROR;
				CLANG_WARN_DOCUMENTATION_COMMENTS = YES;
				CLANG_WARN_EMPTY_BODY = YES;
				CLANG_WARN_ENUM_CONVERSION = YES;
				CLANG_WARN_INFINITE_RECURSION = YES;
				CLANG_WARN_INT_CONVERSION = YES;
				CLANG_WARN_NON_LITERAL_NULL_CONVERSION = YES;
				CLANG_WARN_OBJC_IMPLICIT_RETAIN_SELF = YES;
				CLANG_WARN_OBJC_LITERAL_CONVERSION = YES;
				CLANG_WARN_OBJC_ROOT_CLASS = YES_ERROR;
				CLANG_WARN_QUOTED_INCLUDE_IN_FRAMEWORK_HEADER = YES;
				CLANG_WARN_RANGE_LOOP_ANALYSIS = YES;
				CLANG_WARN_STRICT_PROTOTYPES = YES;
				CLANG_WARN_SUSPICIOUS_MOVE = YES;
				CLANG_WARN_UNGUARDED_AVAILABILITY = YES_AGGRESSIVE;
				CLANG_WARN_UNREACHABLE_CODE = YES;
				CLANG_WARN__DUPLICATE_METHOD_MATCH = YES;
				COPY_PHASE_STRIP = NO;
				DEBUG_INFORMATION_FORMAT = dwarf;
				ENABLE_STRICT_OBJC_MSGSEND = YES;
				ENABLE_TESTABILITY = YES;
				GCC_C_LANGUAGE_STANDARD = gnu11;
				GCC_DYNAMIC_NO_PIC = NO;
				GCC_NO_COMMON_BLOCKS = YES;
				GCC_OPTIMIZATION_LEVEL = 0;
				GCC_PREPROCESSOR_DEFINITIONS = (
					"DEBUG=1",
					"$(inherited)",
				);
				GCC_WARN_64_TO_32_BIT_CONVERSION = YES;
				GCC_WARN_ABOUT_RETURN_TYPE = YES_ERROR;
				GCC_WARN_UNDECLARED_SELECTOR = YES;
				GCC_WARN_UNINITIALIZED_AUTOS = YES_AGGRESSIVE;
				GCC_WARN_UNUSED_FUNCTION = YES;
				GCC_WARN_UNUSED_VARIABLE = YES;
				IPHONEOS_DEPLOYMENT_TARGET = 16.4;
				MTL_ENABLE_DEBUG_INFO = INCLUDE_SOURCE;
				MTL_FAST_MATH = YES;
				ONLY_ACTIVE_ARCH = YES;
				SDKROOT = iphoneos;
				SWIFT_ACTIVE_COMPILATION_CONDITIONS = DEBUG;
				SWIFT_OPTIMIZATION_LEVEL = "-Onone";
			};
			name = Debug;
		};
		EE2585B12A7FCB880049CCD6 /* Release */ = {
			isa = XCBuildConfiguration;
			buildSettings = {
				ALWAYS_SEARCH_USER_PATHS = NO;
				CLANG_ANALYZER_NONNULL = YES;
				CLANG_ANALYZER_NUMBER_OBJECT_CONVERSION = YES_AGGRESSIVE;
				CLANG_CXX_LANGUAGE_STANDARD = "gnu++20";
				CLANG_ENABLE_MODULES = YES;
				CLANG_ENABLE_OBJC_ARC = YES;
				CLANG_ENABLE_OBJC_WEAK = YES;
				CLANG_WARN_BLOCK_CAPTURE_AUTORELEASING = YES;
				CLANG_WARN_BOOL_CONVERSION = YES;
				CLANG_WARN_COMMA = YES;
				CLANG_WARN_CONSTANT_CONVERSION = YES;
				CLANG_WARN_DEPRECATED_OBJC_IMPLEMENTATIONS = YES;
				CLANG_WARN_DIRECT_OBJC_ISA_USAGE = YES_ERROR;
				CLANG_WARN_DOCUMENTATION_COMMENTS = YES;
				CLANG_WARN_EMPTY_BODY = YES;
				CLANG_WARN_ENUM_CONVERSION = YES;
				CLANG_WARN_INFINITE_RECURSION = YES;
				CLANG_WARN_INT_CONVERSION = YES;
				CLANG_WARN_NON_LITERAL_NULL_CONVERSION = YES;
				CLANG_WARN_OBJC_IMPLICIT_RETAIN_SELF = YES;
				CLANG_WARN_OBJC_LITERAL_CONVERSION = YES;
				CLANG_WARN_OBJC_ROOT_CLASS = YES_ERROR;
				CLANG_WARN_QUOTED_INCLUDE_IN_FRAMEWORK_HEADER = YES;
				CLANG_WARN_RANGE_LOOP_ANALYSIS = YES;
				CLANG_WARN_STRICT_PROTOTYPES = YES;
				CLANG_WARN_SUSPICIOUS_MOVE = YES;
				CLANG_WARN_UNGUARDED_AVAILABILITY = YES_AGGRESSIVE;
				CLANG_WARN_UNREACHABLE_CODE = YES;
				CLANG_WARN__DUPLICATE_METHOD_MATCH = YES;
				COPY_PHASE_STRIP = NO;
				DEBUG_INFORMATION_FORMAT = "dwarf-with-dsym";
				ENABLE_NS_ASSERTIONS = NO;
				ENABLE_STRICT_OBJC_MSGSEND = YES;
				GCC_C_LANGUAGE_STANDARD = gnu11;
				GCC_NO_COMMON_BLOCKS = YES;
				GCC_WARN_64_TO_32_BIT_CONVERSION = YES;
				GCC_WARN_ABOUT_RETURN_TYPE = YES_ERROR;
				GCC_WARN_UNDECLARED_SELECTOR = YES;
				GCC_WARN_UNINITIALIZED_AUTOS = YES_AGGRESSIVE;
				GCC_WARN_UNUSED_FUNCTION = YES;
				GCC_WARN_UNUSED_VARIABLE = YES;
				IPHONEOS_DEPLOYMENT_TARGET = 16.4;
				MTL_ENABLE_DEBUG_INFO = NO;
				MTL_FAST_MATH = YES;
				SDKROOT = iphoneos;
				SWIFT_COMPILATION_MODE = wholemodule;
				SWIFT_OPTIMIZATION_LEVEL = "-O";
				VALIDATE_PRODUCT = YES;
			};
			name = Release;
		};
		EE2585B32A7FCB880049CCD6 /* Debug */ = {
			isa = XCBuildConfiguration;
			buildSettings = {
				ASSETCATALOG_COMPILER_APPICON_NAME = AppIcon;
				ASSETCATALOG_COMPILER_GLOBAL_ACCENT_COLOR_NAME = AccentColor;
				CODE_SIGN_STYLE = Automatic;
				CURRENT_PROJECT_VERSION = 1;
				DEVELOPMENT_ASSET_PATHS = "\"BeeHero/Preview Content\"";
				DEVELOPMENT_TEAM = H469TB7X9A;
				ENABLE_PREVIEWS = YES;
				GENERATE_INFOPLIST_FILE = YES;
				INFOPLIST_KEY_NSCameraUsageDescription = "";
				INFOPLIST_KEY_UIApplicationSupportsIndirectInputEvents = YES;
				INFOPLIST_KEY_UILaunchScreen_Generation = YES;
				INFOPLIST_KEY_UIRequiredDeviceCapabilities = arkit;
				INFOPLIST_KEY_UIStatusBarHidden = YES;
				INFOPLIST_KEY_UISupportedInterfaceOrientations_iPad = "UIInterfaceOrientationPortrait UIInterfaceOrientationPortraitUpsideDown UIInterfaceOrientationLandscapeLeft UIInterfaceOrientationLandscapeRight";
				INFOPLIST_KEY_UISupportedInterfaceOrientations_iPhone = "UIInterfaceOrientationPortrait UIInterfaceOrientationLandscapeLeft UIInterfaceOrientationLandscapeRight";
				LD_RUNPATH_SEARCH_PATHS = (
					"$(inherited)",
					"@executable_path/Frameworks",
				);
				MARKETING_VERSION = 1.0;
				PRODUCT_BUNDLE_IDENTIFIER = HMK.BeeHero;
				PRODUCT_NAME = "$(TARGET_NAME)";
				SWIFT_EMIT_LOC_STRINGS = YES;
				SWIFT_VERSION = 5.0;
				TARGETED_DEVICE_FAMILY = "1,2";
			};
			name = Debug;
		};
		EE2585B42A7FCB880049CCD6 /* Release */ = {
			isa = XCBuildConfiguration;
			buildSettings = {
				ASSETCATALOG_COMPILER_APPICON_NAME = AppIcon;
				ASSETCATALOG_COMPILER_GLOBAL_ACCENT_COLOR_NAME = AccentColor;
				CODE_SIGN_STYLE = Automatic;
				CURRENT_PROJECT_VERSION = 1;
				DEVELOPMENT_ASSET_PATHS = "\"BeeHero/Preview Content\"";
				DEVELOPMENT_TEAM = H469TB7X9A;
				ENABLE_PREVIEWS = YES;
				GENERATE_INFOPLIST_FILE = YES;
				INFOPLIST_KEY_NSCameraUsageDescription = "";
				INFOPLIST_KEY_UIApplicationSupportsIndirectInputEvents = YES;
				INFOPLIST_KEY_UILaunchScreen_Generation = YES;
				INFOPLIST_KEY_UIRequiredDeviceCapabilities = arkit;
				INFOPLIST_KEY_UIStatusBarHidden = YES;
				INFOPLIST_KEY_UISupportedInterfaceOrientations_iPad = "UIInterfaceOrientationPortrait UIInterfaceOrientationPortraitUpsideDown UIInterfaceOrientationLandscapeLeft UIInterfaceOrientationLandscapeRight";
				INFOPLIST_KEY_UISupportedInterfaceOrientations_iPhone = "UIInterfaceOrientationPortrait UIInterfaceOrientationLandscapeLeft UIInterfaceOrientationLandscapeRight";
				LD_RUNPATH_SEARCH_PATHS = (
					"$(inherited)",
					"@executable_path/Frameworks",
				);
				MARKETING_VERSION = 1.0;
				PRODUCT_BUNDLE_IDENTIFIER = HMK.BeeHero;
				PRODUCT_NAME = "$(TARGET_NAME)";
				SWIFT_EMIT_LOC_STRINGS = YES;
				SWIFT_VERSION = 5.0;
				TARGETED_DEVICE_FAMILY = "1,2";
			};
			name = Release;
		};
		EE2585B62A7FCB880049CCD6 /* Debug */ = {
			isa = XCBuildConfiguration;
			buildSettings = {
				ALWAYS_EMBED_SWIFT_STANDARD_LIBRARIES = YES;
				BUNDLE_LOADER = "$(TEST_HOST)";
				CODE_SIGN_STYLE = Automatic;
				CURRENT_PROJECT_VERSION = 1;
				GENERATE_INFOPLIST_FILE = YES;
				IPHONEOS_DEPLOYMENT_TARGET = 16.4;
				MARKETING_VERSION = 1.0;
				PRODUCT_BUNDLE_IDENTIFIER = HMK.BeeHeroTests;
				PRODUCT_NAME = "$(TARGET_NAME)";
				SWIFT_EMIT_LOC_STRINGS = NO;
				SWIFT_VERSION = 5.0;
				TARGETED_DEVICE_FAMILY = "1,2";
				TEST_HOST = "$(BUILT_PRODUCTS_DIR)/BeeHero.app/$(BUNDLE_EXECUTABLE_FOLDER_PATH)/BeeHero";
			};
			name = Debug;
		};
		EE2585B72A7FCB880049CCD6 /* Release */ = {
			isa = XCBuildConfiguration;
			buildSettings = {
				ALWAYS_EMBED_SWIFT_STANDARD_LIBRARIES = YES;
				BUNDLE_LOADER = "$(TEST_HOST)";
				CODE_SIGN_STYLE = Automatic;
				CURRENT_PROJECT_VERSION = 1;
				GENERATE_INFOPLIST_FILE = YES;
				IPHONEOS_DEPLOYMENT_TARGET = 16.4;
				MARKETING_VERSION = 1.0;
				PRODUCT_BUNDLE_IDENTIFIER = HMK.BeeHeroTests;
				PRODUCT_NAME = "$(TARGET_NAME)";
				SWIFT_EMIT_LOC_STRINGS = NO;
				SWIFT_VERSION = 5.0;
				TARGETED_DEVICE_FAMILY = "1,2";
				TEST_HOST = "$(BUILT_PRODUCTS_DIR)/BeeHero.app/$(BUNDLE_EXECUTABLE_FOLDER_PATH)/BeeHero";
			};
			name = Release;
		};
		EE2585B92A7FCB880049CCD6 /* Debug */ = {
			isa = XCBuildConfiguration;
			buildSettings = {
				ALWAYS_EMBED_SWIFT_STANDARD_LIBRARIES = YES;
				CODE_SIGN_STYLE = Automatic;
				CURRENT_PROJECT_VERSION = 1;
				GENERATE_INFOPLIST_FILE = YES;
				MARKETING_VERSION = 1.0;
				PRODUCT_BUNDLE_IDENTIFIER = HMK.BeeHeroUITests;
				PRODUCT_NAME = "$(TARGET_NAME)";
				SWIFT_EMIT_LOC_STRINGS = NO;
				SWIFT_VERSION = 5.0;
				TARGETED_DEVICE_FAMILY = "1,2";
				TEST_TARGET_NAME = BeeHero;
			};
			name = Debug;
		};
		EE2585BA2A7FCB880049CCD6 /* Release */ = {
			isa = XCBuildConfiguration;
			buildSettings = {
				ALWAYS_EMBED_SWIFT_STANDARD_LIBRARIES = YES;
				CODE_SIGN_STYLE = Automatic;
				CURRENT_PROJECT_VERSION = 1;
				GENERATE_INFOPLIST_FILE = YES;
				MARKETING_VERSION = 1.0;
				PRODUCT_BUNDLE_IDENTIFIER = HMK.BeeHeroUITests;
				PRODUCT_NAME = "$(TARGET_NAME)";
				SWIFT_EMIT_LOC_STRINGS = NO;
				SWIFT_VERSION = 5.0;
				TARGETED_DEVICE_FAMILY = "1,2";
				TEST_TARGET_NAME = BeeHero;
			};
			name = Release;
		};
/* End XCBuildConfiguration section */

/* Begin XCConfigurationList section */
		EE2585872A7FCB870049CCD6 /* Build configuration list for PBXProject "BeeHero" */ = {
			isa = XCConfigurationList;
			buildConfigurations = (
				EE2585B02A7FCB880049CCD6 /* Debug */,
				EE2585B12A7FCB880049CCD6 /* Release */,
			);
			defaultConfigurationIsVisible = 0;
			defaultConfigurationName = Release;
		};
		EE2585B22A7FCB880049CCD6 /* Build configuration list for PBXNativeTarget "BeeHero" */ = {
			isa = XCConfigurationList;
			buildConfigurations = (
				EE2585B32A7FCB880049CCD6 /* Debug */,
				EE2585B42A7FCB880049CCD6 /* Release */,
			);
			defaultConfigurationIsVisible = 0;
			defaultConfigurationName = Release;
		};
		EE2585B52A7FCB880049CCD6 /* Build configuration list for PBXNativeTarget "BeeHeroTests" */ = {
			isa = XCConfigurationList;
			buildConfigurations = (
				EE2585B62A7FCB880049CCD6 /* Debug */,
				EE2585B72A7FCB880049CCD6 /* Release */,
			);
			defaultConfigurationIsVisible = 0;
			defaultConfigurationName = Release;
		};
		EE2585B82A7FCB880049CCD6 /* Build configuration list for PBXNativeTarget "BeeHeroUITests" */ = {
			isa = XCConfigurationList;
			buildConfigurations = (
				EE2585B92A7FCB880049CCD6 /* Debug */,
				EE2585BA2A7FCB880049CCD6 /* Release */,
			);
			defaultConfigurationIsVisible = 0;
			defaultConfigurationName = Release;
		};
/* End XCConfigurationList section */
	};
	rootObject = EE2585842A7FCB870049CCD6 /* Project object */;
}
